
Microsoft Visual Studio Solution File, Format Version 12.00
# Visual Studio Version 17
VisualStudioVersion = 17.9.34701.34
MinimumVisualStudioVersion = 10.0.40219.1
Project("{FAE04EC0-301F-11D3-BF4B-00C04F79EFBC}") = "ödev öğrenci kaydı", "ödev öğrenci kaydı\ödev öğrenci kaydı.csproj", "{571659AE-B6C0-4046-8AFE-2DE0D04A51DB}"
EndProject
Global
	GlobalSection(SolutionConfigurationPlatforms) = preSolution
		Debug|Any CPU = Debug|Any CPU
		Release|Any CPU = Release|Any CPU
	EndGlobalSection
	GlobalSection(ProjectConfigurationPlatforms) = postSolution
		{571659AE-B6C0-4046-8AFE-2DE0D04A51DB}.Debug|Any CPU.ActiveCfg = Debug|Any CPU
		{571659AE-B6C0-4046-8AFE-2DE0D04A51DB}.Debug|Any CPU.Build.0 = Debug|Any CPU
		{571659AE-B6C0-4046-8AFE-2DE0D04A51DB}.Release|Any CPU.ActiveCfg = Release|Any CPU
		{571659AE-B6C0-4046-8AFE-2DE0D04A51DB}.Release|Any CPU.Build.0 = Release|Any CPU
	EndGlobalSection
	GlobalSection(SolutionProperties) = preSolution
		HideSolutionNode = FALSE
	EndGlobalSection
	GlobalSection(ExtensibilityGlobals) = postSolution
		SolutionGuid = {28067ACC-BB34-43A1-8D5C-4A71709683E4}
	EndGlobalSection
EndGlobal
